
Microsoft Visual Studio Solution File, Format Version 12.00
# Visual Studio Version 16
VisualStudioVersion = 16.0.30002.166
MinimumVisualStudioVersion = 10.0.40219.1
Project("{FAE04EC0-301F-11D3-BF4B-00C04F79EFBC}") = "Client", "TPlab3\Client.csproj", "{DDCA3BC7-E8B0-47AA-861E-C7E9335E89F4}"
EndProject
Project("{FAE04EC0-301F-11D3-BF4B-00C04F79EFBC}") = "Server", "Server\Server.csproj", "{3A149675-E4B1-4ED2-B308-74FBBDA96F7F}"
EndProject
Project("{FAE04EC0-301F-11D3-BF4B-00C04F79EFBC}") = "ConverterLibrary", "ConverterLibrary\ConverterLibrary.csproj", "{EBC33C5C-2A30-44AC-A3D3-A0BC96848EA3}"
EndProject
Global
	GlobalSection(SolutionConfigurationPlatforms) = preSolution
		Debug|Any CPU = Debug|Any CPU
		Release|Any CPU = Release|Any CPU
	EndGlobalSection
	GlobalSection(ProjectConfigurationPlatforms) = postSolution
		{DDCA3BC7-E8B0-47AA-861E-C7E9335E89F4}.Debug|Any CPU.ActiveCfg = Debug|Any CPU
		{DDCA3BC7-E8B0-47AA-861E-C7E9335E89F4}.Debug|Any CPU.Build.0 = Debug|Any CPU
		{DDCA3BC7-E8B0-47AA-861E-C7E9335E89F4}.Release|Any CPU.ActiveCfg = Release|Any CPU
		{DDCA3BC7-E8B0-47AA-861E-C7E9335E89F4}.Release|Any CPU.Build.0 = Release|Any CPU
		{3A149675-E4B1-4ED2-B308-74FBBDA96F7F}.Debug|Any CPU.ActiveCfg = Debug|Any CPU
		{3A149675-E4B1-4ED2-B308-74FBBDA96F7F}.Debug|Any CPU.Build.0 = Debug|Any CPU
		{3A149675-E4B1-4ED2-B308-74FBBDA96F7F}.Release|Any CPU.ActiveCfg = Release|Any CPU
		{3A149675-E4B1-4ED2-B308-74FBBDA96F7F}.Release|Any CPU.Build.0 = Release|Any CPU
		{EBC33C5C-2A30-44AC-A3D3-A0BC96848EA3}.Debug|Any CPU.ActiveCfg = Debug|Any CPU
		{EBC33C5C-2A30-44AC-A3D3-A0BC96848EA3}.Debug|Any CPU.Build.0 = Debug|Any CPU
		{EBC33C5C-2A30-44AC-A3D3-A0BC96848EA3}.Release|Any CPU.ActiveCfg = Release|Any CPU
		{EBC33C5C-2A30-44AC-A3D3-A0BC96848EA3}.Release|Any CPU.Build.0 = Release|Any CPU
	EndGlobalSection
	GlobalSection(SolutionProperties) = preSolution
		HideSolutionNode = FALSE
	EndGlobalSection
	GlobalSection(ExtensibilityGlobals) = postSolution
		SolutionGuid = {0AC249E4-A6A8-4B44-ABBF-261A4A98B6BC}
	EndGlobalSection
EndGlobal
